{
  "lockfile_version": "1",
  "packages": {
    "cue@0.17.1": {
      "last_modified": "2026-08-27T07:16:00Z",
      "resolved": "github:NixOS/nixpkgs/c27cdad491a991b11ed731760aa2ef8db0cb0410#cue",
      "source": "devbox-search",
      "version": "0.17.1",
      "systems": {
        "aarch64-darwin": {
          "outputs": [
            {
              "name": "out",
              "path": "/nix/store/hypqx0f3ij6w9asfc4z96fnhj12a3zrn-cue-0.17.1",
              "default": true
            }
          ],
          "store_path": "/nix/store/hypqx0f3ij6w9asfc4z96fnhj12a3zrn-cue-0.17.1"
        },
        "aarch64-linux": {
          "outputs": [
            {
              "name": "out",
              "path": "/nix/store/a49nspkliab9w27kk0389nkgamranqq9-cue-0.17.1",
              "default": true
            }
          ],
          "store_path": "/nix/store/a49nspkliab9w27kk0389nkgamranqq9-cue-0.17.1"
        },
        "x86_64-linux": {
          "outputs": [
            {
              "name": "out",
              "path": "/nix/store/jipjz6yifvp7a7l048pmz87bf5qqfay5-cue-0.17.1",
              "default": true
            }
          ],
          "store_path": "/nix/store/jipjz6yifvp7a7l048pmz87bf5qqfay5-cue-0.17.1"
        }
      }
    },
    "gh@2.97.0": {
      "last_modified": "2026-08-12T11:28:58Z",
      "resolved": "github:NixOS/nixpkgs/044bfe75bfe4c7bbe043dc17b5e42ea823b84a09#gh",
      "source": "devbox-search",
      "version": "2.97.0",
      "systems": {
        "aarch64-darwin": {
          "outputs": [
            {
              "name": "out",
              "path": "/nix/store/ah2ixwwf58zsa56jwgalvbrajgyd92jm-gh-2.97.0",
              "default": true
            }
          ],
          "store_path": "/nix/store/ah2ixwwf58zsa56jwgalvbrajgyd92jm-gh-2.97.0"
        },
        "aarch64-linux": {
          "outputs": [
            {
              "name": "out",
              "path": "/nix/store/7zsgkk9cy34n46hy72g2jqcv4fzfgl3i-gh-2.97.0",
              "default": true
            }
          ],
          "store_path": "/nix/store/7zsgkk9cy34n46hy72g2jqcv4fzfgl3i-gh-2.97.0"
        },
        "x86_64-linux": {
          "outputs": [
            {
              "name": "out",
              "path": "/nix/store/2sy0iwq5r6ha7kj3nax1wdcsh4kf4jai-gh-2.97.0",
              "default": true
            }
          ],
          "store_path": "/nix/store/2sy0iwq5r6ha7kj3nax1wdcsh4kf4jai-gh-2.97.0"
        }
      }
    },
    "github:NixOS/nixpkgs/nixpkgs-unstable": {
      "last_modified": "2026-09-23T15:46:28Z",
      "resolved": "github:NixOS/nixpkgs/00455b0a3690d3f5dc61e9aef4277dc86235b73f?lastModified=1790178388"
    },
    "jq@1.7.1": {
      "last_modified": "2025-06-18T03:01:18Z",
      "resolved": "github:NixOS/nixpkgs/5395fb3ab3f97b9b7abca147249fa2e8ed27b192#jq",
      "source": "devbox-search",
      "version": "1.7.1",
      "systems": {
        "aarch64-darwin": {
          "outputs": [
            {
              "name": "bin",
              "path": "/nix/store/5v1yqacl2lhgbrzgvbmnxbxah9pdyp2s-jq-1.7.1-bin",
              "default": true
            },
            {
              "name": "man",
              "path": "/nix/store/6zfpzcwd7m5pkf1bd3sdasjv0rxsxvjg-jq-1.7.1-man",
              "default": true
            },
            {
              "name": "dev",
              "path": "/nix/store/12zb2s8cmrbgi53sn09i8vkqr6i462h4-jq-1.7.1-dev"
            },
            {
              "name": "doc",
              "path": "/nix/store/awa9kq3h05l0bpc3gn1gzq4r9rspphsb-jq-1.7.1-doc"
            },
            {
              "name": "out",
              "path": "/nix/store/2vawjsrd9bmavbm7rvsjbnjaf4hbd1bs-jq-1.7.1"
            }
          ],
          "store_path": "/nix/store/5v1yqacl2lhgbrzgvbmnxbxah9pdyp2s-jq-1.7.1-bin"
        },
        "aarch64-linux": {
          "outputs": [
            {
              "name": "bin",
              "path": "/nix/store/j6q3c3rzxhv3rz9y821qylgafi3jbsl8-jq-1.7.1-bin",
              "default": true
            },
            {
              "name": "man",
              "path": "/nix/store/2n2vs2cb0slcj5a4i0l7pyv4fip8s6m9-jq-1.7.1-man",
              "default": true
            },
            {
              "name": "dev",
              "path": "/nix/store/w7n2qywnma4af1m9xqz8y67rq0jn6an2-jq-1.7.1-dev"
            },
            {
              "name": "doc",
              "path": "/nix/store/c52b1v91c7pwxb58z79v2aa1x8bx8dpx-jq-1.7.1-doc"
            },
            {
              "name": "out",
              "path": "/nix/store/i06c1lzmf07gg33mjmfp0564inxplfq5-jq-1.7.1"
            }
          ],
          "store_path": "/nix/store/j6q3c3rzxhv3rz9y821qylgafi3jbsl8-jq-1.7.1-bin"
        },
        "x86_64-darwin": {
          "outputs": [
            {
              "name": "bin",
              "path": "/nix/store/if69q6bw49y67lv9f4bf78cgpf7xrnrb-jq-1.7.1-bin",
              "default": true
            },
            {
              "name": "man",
              "path": "/nix/store/0rsic796c75zmdaa3qw74676dgcibwan-jq-1.7.1-man",
              "default": true
            },
            {
              "name": "dev",
              "path": "/nix/store/38vgg0iqwmhh8shn12ys3wqxv24gkq5n-jq-1.7.1-dev"
            },
            {
              "name": "doc",
              "path": "/nix/store/dvap16zqbcxmil71f6ivbpzx49z7brzx-jq-1.7.1-doc"
            },
            {
              "name": "out",
              "path": "/nix/store/0gw2kw6zkvzg7zlqy4rrgdxjk13yg0z4-jq-1.7.1"
            }
          ],
          "store_path": "/nix/store/if69q6bw49y67lv9f4bf78cgpf7xrnrb-jq-1.7.1-bin"
        },
        "x86_64-linux": {
          "outputs": [
            {
              "name": "bin",
              "path": "/nix/store/n9ch6ggimi6ri5vx62mqmzgrrkb3qfwg-jq-1.7.1-bin",
              "default": true
            },
            {
              "name": "man",
              "path": "/nix/store/2dmx0pgvxjmqywg25rva6cgkz94icnw7-jq-1.7.1-man",
              "default": true
            },
            {
              "name": "dev",
              "path": "/nix/store/yika3khvh871bvk5sgpcxfdbqznyi3w0-jq-1.7.1-dev"
            },
            {
              "name": "doc",
              "path": "/nix/store/97zv95jlfnw4v3k0lyxmkmkqqjhx7np9-jq-1.7.1-doc"
            },
            {
              "name": "out",
              "path": "/nix/store/sdqzcyfy52y0vf10nfsxy3mhv9b2vmkv-jq-1.7.1"
            }
          ],
          "store_path": "/nix/store/n9ch6ggimi6ri5vx62mqmzgrrkb3qfwg-jq-1.7.1-bin"
        }
      }
    },
    "skaffold@2.24.0": {
      "last_modified": "2026-08-27T07:16:00Z",
      "resolved": "github:NixOS/nixpkgs/c27cdad491a991b11ed731760aa2ef8db0cb0410#skaffold",
      "source": "devbox-search",
      "version": "2.24.0",
      "systems": {
        "aarch64-darwin": {
          "outputs": [
            {
              "name": "out",
              "path": "/nix/store/d4kxk7l9263sj8llm93w36y1g0gv4p7x-skaffold-2.24.0",
              "default": true
            }
          ],
          "store_path": "/nix/store/d4kxk7l9263sj8llm93w36y1g0gv4p7x-skaffold-2.24.0"
        },
        "aarch64-linux": {
          "outputs": [
            {
              "name": "out",
              "path": "/nix/store/kj6y68rznhxc8bjmpsw8yxg90wnaf8f0-skaffold-2.24.0",
              "default": true
            }
          ],
          "store_path": "/nix/store/kj6y68rznhxc8bjmpsw8yxg90wnaf8f0-skaffold-2.24.0"
        },
        "x86_64-linux": {
          "outputs": [
            {
              "name": "out",
              "path": "/nix/store/ri71g1i90ln3j75j3qx47a06s9891xqp-skaffold-2.24.0",
              "default": true
            }
          ],
          "store_path": "/nix/store/ri71g1i90ln3j75j3qx47a06s9891xqp-skaffold-2.24.0"
        }
      }
    },
    "sops@3.13.3": {
      "last_modified": "2026-08-27T07:16:00Z",
      "resolved": "github:NixOS/nixpkgs/c27cdad491a991b11ed731760aa2ef8db0cb0410#sops",
      "source": "devbox-search",
      "version": "3.13.3",
      "systems": {
        "aarch64-darwin": {
          "outputs": [
            {
              "name": "out",
              "path": "/nix/store/6a208hbv8padw8731r88c9hr3cyda6pq-sops-3.13.3",
              "default": true
            }
          ],
          "store_path": "/nix/store/6a208hbv8padw8731r88c9hr3cyda6pq-sops-3.13.3"
        },
        "aarch64-linux": {
          "outputs": [
            {
              "name": "out",
              "path": "/nix/store/p41fwvk4zxq3fpgmncggp8zq7ihd96mm-sops-3.13.3",
              "default": true
            }
          ],
          "store_path": "/nix/store/p41fwvk4zxq3fpgmncggp8zq7ihd96mm-sops-3.13.3"
        },
        "x86_64-linux": {
          "outputs": [
            {
              "name": "out",
              "path": "/nix/store/9vlk37b1fgklzwl5bl9xb2dk8sn947ih-sops-3.13.3",
              "default": true
            }
          ],
          "store_path": "/nix/store/9vlk37b1fgklzwl5bl9xb2dk8sn947ih-sops-3.13.3"
        }
      }
    }
  }
}
